
Microsoft Visual Studio Solution File, Format Version 11.00
# Visual Studio 2010
Project("{8BC9CEB8-8B4A-11D0-8D11-00A0C91BC942}") = "MS10-058-Analysis", "MS10-058-Analysis\MS10-058-Analysis.vcxproj", "{81A24B5F-D311-4E0F-8189-7542BF89ABE5}"
EndProject
Project("{8BC9CEB8-8B4A-11D0-8D11-00A0C91BC942}") = "MS10-058-Crash", "MS10-058-Crash\MS10-058-Crash.vcxproj", "{C05910BA-B786-461A-AF66-59C3F5CD2E6C}"
EndProject
Project("{8BC9CEB8-8B4A-11D0-8D11-00A0C91BC942}") = "MS10-058-Spray", "MS10-058-Spray\MS10-058-Spray.vcxproj", "{2E230B9F-A5F6-4A56-A0A4-06E8D84502D8}"
EndProject
Global
	GlobalSection(SolutionConfigurationPlatforms) = preSolution
		Debug|Win32 = Debug|Win32
		Release|Win32 = Release|Win32
	EndGlobalSection
	GlobalSection(ProjectConfigurationPlatforms) = postSolution
		{81A24B5F-D311-4E0F-8189-7542BF89ABE5}.Debug|Win32.ActiveCfg = Debug|Win32
		{81A24B5F-D311-4E0F-8189-7542BF89ABE5}.Debug|Win32.Build.0 = Debug|Win32
		{81A24B5F-D311-4E0F-8189-7542BF89ABE5}.Release|Win32.ActiveCfg = Release|Win32
		{81A24B5F-D311-4E0F-8189-7542BF89ABE5}.Release|Win32.Build.0 = Release|Win32
		{C05910BA-B786-461A-AF66-59C3F5CD2E6C}.Debug|Win32.ActiveCfg = Debug|Win32
		{C05910BA-B786-461A-AF66-59C3F5CD2E6C}.Debug|Win32.Build.0 = Debug|Win32
		{C05910BA-B786-461A-AF66-59C3F5CD2E6C}.Release|Win32.ActiveCfg = Release|Win32
		{C05910BA-B786-461A-AF66-59C3F5CD2E6C}.Release|Win32.Build.0 = Release|Win32
		{2E230B9F-A5F6-4A56-A0A4-06E8D84502D8}.Debug|Win32.ActiveCfg = Debug|Win32
		{2E230B9F-A5F6-4A56-A0A4-06E8D84502D8}.Debug|Win32.Build.0 = Debug|Win32
		{2E230B9F-A5F6-4A56-A0A4-06E8D84502D8}.Release|Win32.ActiveCfg = Release|Win32
		{2E230B9F-A5F6-4A56-A0A4-06E8D84502D8}.Release|Win32.Build.0 = Release|Win32
	EndGlobalSection
	GlobalSection(SolutionProperties) = preSolution
		HideSolutionNode = FALSE
	EndGlobalSection
EndGlobal
